
Microsoft Visual Studio Solution File, Format Version 12.00
# Visual Studio Version 16
VisualStudioVersion = 16.0.31727.386
MinimumVisualStudioVersion = 10.0.40219.1
Project("{FAE04EC0-301F-11D3-BF4B-00C04F79EFBC}") = "Desafio3", "Desafio3\Desafio3.csproj", "{002AEA6E-D778-40F3-AEA6-463A11DDA053}"
EndProject
Global
	GlobalSection(SolutionConfigurationPlatforms) = preSolution
		Debug|Any CPU = Debug|Any CPU
		Release|Any CPU = Release|Any CPU
	EndGlobalSection
	GlobalSection(ProjectConfigurationPlatforms) = postSolution
		{002AEA6E-D778-40F3-AEA6-463A11DDA053}.Debug|Any CPU.ActiveCfg = Debug|Any CPU
		{002AEA6E-D778-40F3-AEA6-463A11DDA053}.Debug|Any CPU.Build.0 = Debug|Any CPU
		{002AEA6E-D778-40F3-AEA6-463A11DDA053}.Release|Any CPU.ActiveCfg = Release|Any CPU
		{002AEA6E-D778-40F3-AEA6-463A11DDA053}.Release|Any CPU.Build.0 = Release|Any CPU
	EndGlobalSection
	GlobalSection(SolutionProperties) = preSolution
		HideSolutionNode = FALSE
	EndGlobalSection
	GlobalSection(ExtensibilityGlobals) = postSolution
		SolutionGuid = {A14AD973-2873-496B-8410-ADE29A895658}
	EndGlobalSection
EndGlobal
